
Microsoft Visual Studio Solution File, Format Version 12.00
# Visual Studio Version 17
VisualStudioVersion = 17.8.34525.116
MinimumVisualStudioVersion = 10.0.40219.1
Project("{2150E333-8FDC-42A3-9474-1A3956D46DE8}") = "1. Enterprise Business Rules", "1. Enterprise Business Rules", "{FF09D876-D805-43F6-B267-D196B1DFB280}"
EndProject
Project("{2150E333-8FDC-42A3-9474-1A3956D46DE8}") = "2. Applicatoin Business Rules", "2. Applicatoin Business Rules", "{3F98DB5B-F3D1-4297-923C-3BF776D13594}"
EndProject
Project("{2150E333-8FDC-42A3-9474-1A3956D46DE8}") = "3. Interface Adapters", "3. Interface Adapters", "{92607785-E27B-4584-9371-071AC505CA65}"
EndProject
Project("{2150E333-8FDC-42A3-9474-1A3956D46DE8}") = "4. Frameworks and Drivers", "4. Frameworks and Drivers", "{71B596EC-6F2C-4501-BFAB-53B8805CD938}"
EndProject
Project("{9A19103F-16F7-4668-BE54-9A1E7A4F7556}") = "NorthWind.Sales.Entities", "NorthWind.Sales.Entities\NorthWind.Sales.Entities.csproj", "{FDCD79D0-B89F-4328-9458-93E694348120}"
EndProject
Project("{9A19103F-16F7-4668-BE54-9A1E7A4F7556}") = "NorthWind.Sales.Backend.BusinessObjects", "NorthWind.Sales.Backend.BusinessObjects\NorthWind.Sales.Backend.BusinessObjects.csproj", "{9F3B559F-ECB9-4FAA-8EDD-1AC86A1904FF}"
EndProject
Project("{9A19103F-16F7-4668-BE54-9A1E7A4F7556}") = "NorthWind.Sales.Backend.UseCases", "NorthWind.Sales.Backend.UseCases\NorthWind.Sales.Backend.UseCases.csproj", "{BF64FDF4-35E8-4C07-9D94-A5886661E8A6}"
EndProject
Project("{9A19103F-16F7-4668-BE54-9A1E7A4F7556}") = "NorthWind.Sales.Backend.Repositories", "NorthWind.Sales.Bacnkend.Repositories\NorthWind.Sales.Backend.Repositories.csproj", "{D37AD854-56E2-49E5-BD32-5DB34A04A159}"
EndProject
Project("{2150E333-8FDC-42A3-9474-1A3956D46DE8}") = "Gateways", "Gateways", "{30DC9539-138B-4D5F-A250-0FDE8579583A}"
EndProject
Project("{2150E333-8FDC-42A3-9474-1A3956D46DE8}") = "Presenters", "Presenters", "{6C0CBFA0-B78C-4C90-9F29-4FE17B8753D3}"
EndProject
Project("{9A19103F-16F7-4668-BE54-9A1E7A4F7556}") = "NorthWind.Sales.Backend.Presenters", "NorthWind.Sales.Presenters\NorthWind.Sales.Backend.Presenters.csproj", "{A405C88E-C0D9-414D-8117-275E9BB6E09B}"
EndProject
Project("{2150E333-8FDC-42A3-9474-1A3956D46DE8}") = "Controllers", "Controllers", "{05F811DA-ECE0-4B20-A6FA-AD8374333D07}"
EndProject
Project("{9A19103F-16F7-4668-BE54-9A1E7A4F7556}") = "NorthWind.Sales.Backend.Controllers", "NorthWind.Sales.Backend.Controllers\NorthWind.Sales.Backend.Controllers.csproj", "{461E108E-D022-4F41-855B-A0A970B8F293}"
EndProject
Project("{9A19103F-16F7-4668-BE54-9A1E7A4F7556}") = "NorthWind.Sales.Backend.DataContext.EFCore", "NorthWind.Sales.Backend.DataContext.EFCore\NorthWind.Sales.Backend.DataContext.EFCore.csproj", "{FC3D053A-B0F4-439F-ADB2-F8529342E903}"
EndProject
Project("{2150E333-8FDC-42A3-9474-1A3956D46DE8}") = "Framewworks", "Framewworks", "{8AB732DF-EDA7-4615-9277-44878CCAC088}"
EndProject
Project("{2150E333-8FDC-42A3-9474-1A3956D46DE8}") = "DataContext", "DataContext", "{150DDECD-FDEA-4400-AF15-8550C3A097DB}"
EndProject
Project("{9A19103F-16F7-4668-BE54-9A1E7A4F7556}") = "NorthWind.Sales.Backend.IoC", "NorthWind.Sales.Backend.IoC\NorthWind.Sales.Backend.IoC.csproj", "{455682CB-0AC2-42EE-8F93-6A682BFDF7BF}"
EndProject
Project("{2150E333-8FDC-42A3-9474-1A3956D46DE8}") = "IoC", "IoC", "{BBDDFCAB-44A1-4D90-A78D-DA5C782C27FF}"
EndProject
Project("{2150E333-8FDC-42A3-9474-1A3956D46DE8}") = "UI", "UI", "{141162EA-76F1-42AB-B304-89729B7F4694}"
EndProject
Project("{9A19103F-16F7-4668-BE54-9A1E7A4F7556}") = "NorthWind.Sales.WebApi", "NorthWind.Sales.WebApi\NorthWind.Sales.WebApi.csproj", "{776D3EC2-EDEE-447B-BE0C-7EEBE15F073F}"
EndProject
Project("{9A19103F-16F7-4668-BE54-9A1E7A4F7556}") = "NorthWind.Sales.Frontend.BusinessObjects", "NorthWind.Sales.Frondend.BusinessObjects\NorthWind.Sales.Frontend.BusinessObjects.csproj", "{CBBE28D3-45EE-4355-9624-E1F8B2C8128E}"
EndProject
Project("{9A19103F-16F7-4668-BE54-9A1E7A4F7556}") = "NorthWind.Sales.Frontend.WebApiGateways", "NorthWind.Sales.Frontend.WebApiGateways\NorthWind.Sales.Frontend.WebApiGateways.csproj", "{9B084628-DF9C-4C7B-9F55-8EC231467CFD}"
EndProject
Project("{2150E333-8FDC-42A3-9474-1A3956D46DE8}") = "Views", "Views", "{9E8EE655-096D-43D2-9507-921953D499AF}"
EndProject
Project("{9A19103F-16F7-4668-BE54-9A1E7A4F7556}") = "NorthWind.Razor.Components", "NorthWind.Razor.Components\NorthWind.Razor.Components.csproj", "{65617973-53A6-4320-913C-533981139706}"
EndProject
Project("{9A19103F-16F7-4668-BE54-9A1E7A4F7556}") = "NorthWind.Sales.Frontend.Views", "NorthWind.Sales.Frontend.Views\NorthWind.Sales.Frontend.Views.csproj", "{AC5FA218-CBC2-4D4E-94E6-08C67FBF5B7D}"
EndProject
Project("{9A19103F-16F7-4668-BE54-9A1E7A4F7556}") = "NorthWind.Sales.Frontend.IoC", "NorthWind.Sales.Frontend.IoC\NorthWind.Sales.Frontend.IoC.csproj", "{B75B0978-F7D6-4E08-B6B8-34ED3FB12476}"
EndProject
Project("{9A19103F-16F7-4668-BE54-9A1E7A4F7556}") = "NorthWind.Sales.BlazorClient", "NorthWind.Sales.BlazorClient\NorthWind.Sales.BlazorClient.csproj", "{EC717D47-B1F8-41C7-8D2C-4EC6218709F0}"
EndProject
Project("{FAE04EC0-301F-11D3-BF4B-00C04F79EFBC}") = "NorthWind.Sales.MauiClient", "NorthWind.Sales.MauiClient\NorthWind.Sales.MauiClient.csproj", "{0D72D62D-9497-40B2-B92A-563DA08A599B}"
EndProject
Project("{FAE04EC0-301F-11D3-BF4B-00C04F79EFBC}") = "NorthWind.Validation.Entities", "NorthWind.Validation.Entities\NorthWind.Validation.Entities.csproj", "{760F5663-7C41-4714-AB13-51EC7B013BCA}"
EndProject
Global
	GlobalSection(SolutionConfigurationPlatforms) = preSolution
		Debug|Any CPU = Debug|Any CPU
		Release|Any CPU = Release|Any CPU
	EndGlobalSection
	GlobalSection(ProjectConfigurationPlatforms) = postSolution
		{FDCD79D0-B89F-4328-9458-93E694348120}.Debug|Any CPU.ActiveCfg = Debug|Any CPU
		{FDCD79D0-B89F-4328-9458-93E694348120}.Debug|Any CPU.Build.0 = Debug|Any CPU
		{FDCD79D0-B89F-4328-9458-93E694348120}.Release|Any CPU.ActiveCfg = Release|Any CPU
		{FDCD79D0-B89F-4328-9458-93E694348120}.Release|Any CPU.Build.0 = Release|Any CPU
		{9F3B559F-ECB9-4FAA-8EDD-1AC86A1904FF}.Debug|Any CPU.ActiveCfg = Debug|Any CPU
		{9F3B559F-ECB9-4FAA-8EDD-1AC86A1904FF}.Debug|Any CPU.Build.0 = Debug|Any CPU
		{9F3B559F-ECB9-4FAA-8EDD-1AC86A1904FF}.Release|Any CPU.ActiveCfg = Release|Any CPU
		{9F3B559F-ECB9-4FAA-8EDD-1AC86A1904FF}.Release|Any CPU.Build.0 = Release|Any CPU
		{BF64FDF4-35E8-4C07-9D94-A5886661E8A6}.Debug|Any CPU.ActiveCfg = Debug|Any CPU
		{BF64FDF4-35E8-4C07-9D94-A5886661E8A6}.Debug|Any CPU.Build.0 = Debug|Any CPU
		{BF64FDF4-35E8-4C07-9D94-A5886661E8A6}.Release|Any CPU.ActiveCfg = Release|Any CPU
		{BF64FDF4-35E8-4C07-9D94-A5886661E8A6}.Release|Any CPU.Build.0 = Release|Any CPU
		{D37AD854-56E2-49E5-BD32-5DB34A04A159}.Debug|Any CPU.ActiveCfg = Debug|Any CPU
		{D37AD854-56E2-49E5-BD32-5DB34A04A159}.Debug|Any CPU.Build.0 = Debug|Any CPU
		{D37AD854-56E2-49E5-BD32-5DB34A04A159}.Release|Any CPU.ActiveCfg = Release|Any CPU
		{D37AD854-56E2-49E5-BD32-5DB34A04A159}.Release|Any CPU.Build.0 = Release|Any CPU
		{A405C88E-C0D9-414D-8117-275E9BB6E09B}.Debug|Any CPU.ActiveCfg = Debug|Any CPU
		{A405C88E-C0D9-414D-8117-275E9BB6E09B}.Debug|Any CPU.Build.0 = Debug|Any CPU
		{A405C88E-C0D9-414D-8117-275E9BB6E09B}.Release|Any CPU.ActiveCfg = Release|Any CPU
		{A405C88E-C0D9-414D-8117-275E9BB6E09B}.Release|Any CPU.Build.0 = Release|Any CPU
		{461E108E-D022-4F41-855B-A0A970B8F293}.Debug|Any CPU.ActiveCfg = Debug|Any CPU
		{461E108E-D022-4F41-855B-A0A970B8F293}.Debug|Any CPU.Build.0 = Debug|Any CPU
		{461E108E-D022-4F41-855B-A0A970B8F293}.Release|Any CPU.ActiveCfg = Release|Any CPU
		{461E108E-D022-4F41-855B-A0A970B8F293}.Release|Any CPU.Build.0 = Release|Any CPU
		{FC3D053A-B0F4-439F-ADB2-F8529342E903}.Debug|Any CPU.ActiveCfg = Debug|Any CPU
		{FC3D053A-B0F4-439F-ADB2-F8529342E903}.Debug|Any CPU.Build.0 = Debug|Any CPU
		{FC3D053A-B0F4-439F-ADB2-F8529342E903}.Release|Any CPU.ActiveCfg = Release|Any CPU
		{FC3D053A-B0F4-439F-ADB2-F8529342E903}.Release|Any CPU.Build.0 = Release|Any CPU
		{455682CB-0AC2-42EE-8F93-6A682BFDF7BF}.Debug|Any CPU.ActiveCfg = Debug|Any CPU
		{455682CB-0AC2-42EE-8F93-6A682BFDF7BF}.Debug|Any CPU.Build.0 = Debug|Any CPU
		{455682CB-0AC2-42EE-8F93-6A682BFDF7BF}.Release|Any CPU.ActiveCfg = Release|Any CPU
		{455682CB-0AC2-42EE-8F93-6A682BFDF7BF}.Release|Any CPU.Build.0 = Release|Any CPU
		{776D3EC2-EDEE-447B-BE0C-7EEBE15F073F}.Debug|Any CPU.ActiveCfg = Debug|Any CPU
		{776D3EC2-EDEE-447B-BE0C-7EEBE15F073F}.Debug|Any CPU.Build.0 = Debug|Any CPU
		{776D3EC2-EDEE-447B-BE0C-7EEBE15F073F}.Release|Any CPU.ActiveCfg = Release|Any CPU
		{776D3EC2-EDEE-447B-BE0C-7EEBE15F073F}.Release|Any CPU.Build.0 = Release|Any CPU
		{CBBE28D3-45EE-4355-9624-E1F8B2C8128E}.Debug|Any CPU.ActiveCfg = Debug|Any CPU
		{CBBE28D3-45EE-4355-9624-E1F8B2C8128E}.Debug|Any CPU.Build.0 = Debug|Any CPU
		{CBBE28D3-45EE-4355-9624-E1F8B2C8128E}.Release|Any CPU.ActiveCfg = Release|Any CPU
		{CBBE28D3-45EE-4355-9624-E1F8B2C8128E}.Release|Any CPU.Build.0 = Release|Any CPU
		{9B084628-DF9C-4C7B-9F55-8EC231467CFD}.Debug|Any CPU.ActiveCfg = Debug|Any CPU
		{9B084628-DF9C-4C7B-9F55-8EC231467CFD}.Debug|Any CPU.Build.0 = Debug|Any CPU
		{9B084628-DF9C-4C7B-9F55-8EC231467CFD}.Release|Any CPU.ActiveCfg = Release|Any CPU
		{9B084628-DF9C-4C7B-9F55-8EC231467CFD}.Release|Any CPU.Build.0 = Release|Any CPU
		{65617973-53A6-4320-913C-533981139706}.Debug|Any CPU.ActiveCfg = Debug|Any CPU
		{65617973-53A6-4320-913C-533981139706}.Debug|Any CPU.Build.0 = Debug|Any CPU
		{65617973-53A6-4320-913C-533981139706}.Release|Any CPU.ActiveCfg = Release|Any CPU
		{65617973-53A6-4320-913C-533981139706}.Release|Any CPU.Build.0 = Release|Any CPU
		{AC5FA218-CBC2-4D4E-94E6-08C67FBF5B7D}.Debug|Any CPU.ActiveCfg = Debug|Any CPU
		{AC5FA218-CBC2-4D4E-94E6-08C67FBF5B7D}.Debug|Any CPU.Build.0 = Debug|Any CPU
		{AC5FA218-CBC2-4D4E-94E6-08C67FBF5B7D}.Release|Any CPU.ActiveCfg = Release|Any CPU
		{AC5FA218-CBC2-4D4E-94E6-08C67FBF5B7D}.Release|Any CPU.Build.0 = Release|Any CPU
		{B75B0978-F7D6-4E08-B6B8-34ED3FB12476}.Debug|Any CPU.ActiveCfg = Debug|Any CPU
		{B75B0978-F7D6-4E08-B6B8-34ED3FB12476}.Debug|Any CPU.Build.0 = Debug|Any CPU
		{B75B0978-F7D6-4E08-B6B8-34ED3FB12476}.Release|Any CPU.ActiveCfg = Release|Any CPU
		{B75B0978-F7D6-4E08-B6B8-34ED3FB12476}.Release|Any CPU.Build.0 = Release|Any CPU
		{EC717D47-B1F8-41C7-8D2C-4EC6218709F0}.Debug|Any CPU.ActiveCfg = Debug|Any CPU
		{EC717D47-B1F8-41C7-8D2C-4EC6218709F0}.Debug|Any CPU.Build.0 = Debug|Any CPU
		{EC717D47-B1F8-41C7-8D2C-4EC6218709F0}.Release|Any CPU.ActiveCfg = Release|Any CPU
		{EC717D47-B1F8-41C7-8D2C-4EC6218709F0}.Release|Any CPU.Build.0 = Release|Any CPU
		{0D72D62D-9497-40B2-B92A-563DA08A599B}.Debug|Any CPU.ActiveCfg = Debug|Any CPU
		{0D72D62D-9497-40B2-B92A-563DA08A599B}.Debug|Any CPU.Build.0 = Debug|Any CPU
		{0D72D62D-9497-40B2-B92A-563DA08A599B}.Debug|Any CPU.Deploy.0 = Debug|Any CPU
		{0D72D62D-9497-40B2-B92A-563DA08A599B}.Release|Any CPU.ActiveCfg = Release|Any CPU
		{0D72D62D-9497-40B2-B92A-563DA08A599B}.Release|Any CPU.Build.0 = Release|Any CPU
		{0D72D62D-9497-40B2-B92A-563DA08A599B}.Release|Any CPU.Deploy.0 = Release|Any CPU
		{760F5663-7C41-4714-AB13-51EC7B013BCA}.Debug|Any CPU.ActiveCfg = Debug|Any CPU
		{760F5663-7C41-4714-AB13-51EC7B013BCA}.Debug|Any CPU.Build.0 = Debug|Any CPU
		{760F5663-7C41-4714-AB13-51EC7B013BCA}.Release|Any CPU.ActiveCfg = Release|Any CPU
		{760F5663-7C41-4714-AB13-51EC7B013BCA}.Release|Any CPU.Build.0 = Release|Any CPU
	EndGlobalSection
	GlobalSection(SolutionProperties) = preSolution
		HideSolutionNode = FALSE
	EndGlobalSection
	GlobalSection(NestedProjects) = preSolution
		{FDCD79D0-B89F-4328-9458-93E694348120} = {FF09D876-D805-43F6-B267-D196B1DFB280}
		{9F3B559F-ECB9-4FAA-8EDD-1AC86A1904FF} = {3F98DB5B-F3D1-4297-923C-3BF776D13594}
		{BF64FDF4-35E8-4C07-9D94-A5886661E8A6} = {3F98DB5B-F3D1-4297-923C-3BF776D13594}
		{D37AD854-56E2-49E5-BD32-5DB34A04A159} = {30DC9539-138B-4D5F-A250-0FDE8579583A}
		{30DC9539-138B-4D5F-A250-0FDE8579583A} = {92607785-E27B-4584-9371-071AC505CA65}
		{6C0CBFA0-B78C-4C90-9F29-4FE17B8753D3} = {92607785-E27B-4584-9371-071AC505CA65}
		{A405C88E-C0D9-414D-8117-275E9BB6E09B} = {6C0CBFA0-B78C-4C90-9F29-4FE17B8753D3}
		{05F811DA-ECE0-4B20-A6FA-AD8374333D07} = {92607785-E27B-4584-9371-071AC505CA65}
		{461E108E-D022-4F41-855B-A0A970B8F293} = {05F811DA-ECE0-4B20-A6FA-AD8374333D07}
		{FC3D053A-B0F4-439F-ADB2-F8529342E903} = {150DDECD-FDEA-4400-AF15-8550C3A097DB}
		{8AB732DF-EDA7-4615-9277-44878CCAC088} = {71B596EC-6F2C-4501-BFAB-53B8805CD938}
		{150DDECD-FDEA-4400-AF15-8550C3A097DB} = {8AB732DF-EDA7-4615-9277-44878CCAC088}
		{455682CB-0AC2-42EE-8F93-6A682BFDF7BF} = {BBDDFCAB-44A1-4D90-A78D-DA5C782C27FF}
		{BBDDFCAB-44A1-4D90-A78D-DA5C782C27FF} = {71B596EC-6F2C-4501-BFAB-53B8805CD938}
		{141162EA-76F1-42AB-B304-89729B7F4694} = {71B596EC-6F2C-4501-BFAB-53B8805CD938}
		{776D3EC2-EDEE-447B-BE0C-7EEBE15F073F} = {141162EA-76F1-42AB-B304-89729B7F4694}
		{CBBE28D3-45EE-4355-9624-E1F8B2C8128E} = {3F98DB5B-F3D1-4297-923C-3BF776D13594}
		{9B084628-DF9C-4C7B-9F55-8EC231467CFD} = {30DC9539-138B-4D5F-A250-0FDE8579583A}
		{9E8EE655-096D-43D2-9507-921953D499AF} = {92607785-E27B-4584-9371-071AC505CA65}
		{65617973-53A6-4320-913C-533981139706} = {9E8EE655-096D-43D2-9507-921953D499AF}
		{AC5FA218-CBC2-4D4E-94E6-08C67FBF5B7D} = {9E8EE655-096D-43D2-9507-921953D499AF}
		{B75B0978-F7D6-4E08-B6B8-34ED3FB12476} = {BBDDFCAB-44A1-4D90-A78D-DA5C782C27FF}
		{EC717D47-B1F8-41C7-8D2C-4EC6218709F0} = {141162EA-76F1-42AB-B304-89729B7F4694}
		{0D72D62D-9497-40B2-B92A-563DA08A599B} = {141162EA-76F1-42AB-B304-89729B7F4694}
		{760F5663-7C41-4714-AB13-51EC7B013BCA} = {FF09D876-D805-43F6-B267-D196B1DFB280}
	EndGlobalSection
	GlobalSection(ExtensibilityGlobals) = postSolution
		SolutionGuid = {E479F6E7-8500-40B7-BB9D-3FBB5BD85E48}
	EndGlobalSection
EndGlobal
